
Microsoft Visual Studio Solution File, Format Version 12.00
# Visual Studio Version 17
VisualStudioVersion = 17.10.35122.118
MinimumVisualStudioVersion = 10.0.40219.1
Project("{FAE04EC0-301F-11D3-BF4B-00C04F79EFBC}") = "gestionCitas", "gestionCitas\gestionCitas.csproj", "{16C88F3B-41FE-4552-A6FC-9A6991DEB16F}"
EndProject
Global
	GlobalSection(SolutionConfigurationPlatforms) = preSolution
		Debug|Any CPU = Debug|Any CPU
		Release|Any CPU = Release|Any CPU
	EndGlobalSection
	GlobalSection(ProjectConfigurationPlatforms) = postSolution
		{16C88F3B-41FE-4552-A6FC-9A6991DEB16F}.Debug|Any CPU.ActiveCfg = Debug|Any CPU
		{16C88F3B-41FE-4552-A6FC-9A6991DEB16F}.Debug|Any CPU.Build.0 = Debug|Any CPU
		{16C88F3B-41FE-4552-A6FC-9A6991DEB16F}.Release|Any CPU.ActiveCfg = Release|Any CPU
		{16C88F3B-41FE-4552-A6FC-9A6991DEB16F}.Release|Any CPU.Build.0 = Release|Any CPU
	EndGlobalSection
	GlobalSection(SolutionProperties) = preSolution
		HideSolutionNode = FALSE
	EndGlobalSection
	GlobalSection(ExtensibilityGlobals) = postSolution
		SolutionGuid = {BCDA56A3-B0A6-4CE7-8322-AF84EDD8FA23}
	EndGlobalSection
EndGlobal
